
Microsoft Visual Studio Solution File, Format Version 12.00
Project("{FAE04EC0-301F-11D3-BF4B-00C04F79EFBC}") = "LoxMain", "LoxMain\LoxMain.csproj", "{98B46600-6669-4D1A-AC0E-DD58A7150F44}"
EndProject
Project("{FAE04EC0-301F-11D3-BF4B-00C04F79EFBC}") = "LoxTests", "LoxTests\LoxTests.csproj", "{4035C64A-64DA-4456-946C-4496807EF215}"
EndProject
Project("{FAE04EC0-301F-11D3-BF4B-00C04F79EFBC}") = "Lox", "Lox\Lox.csproj", "{898CA0C3-D2E6-4418-8F31-D320D6E1350A}"
EndProject
Global
	GlobalSection(SolutionConfigurationPlatforms) = preSolution
		Debug|Any CPU = Debug|Any CPU
		Release|Any CPU = Release|Any CPU
	EndGlobalSection
	GlobalSection(ProjectConfigurationPlatforms) = postSolution
		{98B46600-6669-4D1A-AC0E-DD58A7150F44}.Debug|Any CPU.ActiveCfg = Debug|Any CPU
		{98B46600-6669-4D1A-AC0E-DD58A7150F44}.Debug|Any CPU.Build.0 = Debug|Any CPU
		{98B46600-6669-4D1A-AC0E-DD58A7150F44}.Release|Any CPU.ActiveCfg = Release|Any CPU
		{98B46600-6669-4D1A-AC0E-DD58A7150F44}.Release|Any CPU.Build.0 = Release|Any CPU
		{4035C64A-64DA-4456-946C-4496807EF215}.Debug|Any CPU.ActiveCfg = Debug|Any CPU
		{4035C64A-64DA-4456-946C-4496807EF215}.Debug|Any CPU.Build.0 = Debug|Any CPU
		{4035C64A-64DA-4456-946C-4496807EF215}.Release|Any CPU.ActiveCfg = Release|Any CPU
		{4035C64A-64DA-4456-946C-4496807EF215}.Release|Any CPU.Build.0 = Release|Any CPU
		{898CA0C3-D2E6-4418-8F31-D320D6E1350A}.Debug|Any CPU.ActiveCfg = Debug|Any CPU
		{898CA0C3-D2E6-4418-8F31-D320D6E1350A}.Debug|Any CPU.Build.0 = Debug|Any CPU
		{898CA0C3-D2E6-4418-8F31-D320D6E1350A}.Release|Any CPU.ActiveCfg = Release|Any CPU
		{898CA0C3-D2E6-4418-8F31-D320D6E1350A}.Release|Any CPU.Build.0 = Release|Any CPU
	EndGlobalSection
EndGlobal
